// !$*UTF8*$!
{
	archiveVersion = 1;
	classes = {
	};
	objectVersion = 56;
	objects = {

/* Begin PBXBuildFile section */
		47AB59F7293B7C2F00807A25 /* AppDelegate.swift in Sources */ = {isa = PBXBuildFile; fileRef = 47AB59F6293B7C2F00807A25 /* AppDelegate.swift */; };
		47AB59F9293B7C2F00807A25 /* SceneDelegate.swift in Sources */ = {isa = PBXBuildFile; fileRef = 47AB59F8293B7C2F00807A25 /* SceneDelegate.swift */; };
		47AB59FB293B7C2F00807A25 /* ViewController.swift in Sources */ = {isa = PBXBuildFile; fileRef = 47AB59FA293B7C2F00807A25 /* ViewController.swift */; };
		47AB59FE293B7C2F00807A25 /* Main.storyboard in Resources */ = {isa = PBXBuildFile; fileRef = 47AB59FC293B7C2F00807A25 /* Main.storyboard */; };
		47AB5A01293B7C2F00807A25 /* PlayerScoutBook.xcdatamodeld in Sources */ = {isa = PBXBuildFile; fileRef = 47AB59FF293B7C2F00807A25 /* PlayerScoutBook.xcdatamodeld */; };
		47AB5A03293B7C3000807A25 /* Assets.xcassets in Resources */ = {isa = PBXBuildFile; fileRef = 47AB5A02293B7C3000807A25 /* Assets.xcassets */; };
		47AB5A06293B7C3000807A25 /* LaunchScreen.storyboard in Resources */ = {isa = PBXBuildFile; fileRef = 47AB5A04293B7C3000807A25 /* LaunchScreen.storyboard */; };
/* End PBXBuildFile section */

/* Begin PBXFileReference section */
		47AB59F3293B7C2F00807A25 /* PlayerScoutBook.app */ = {isa = PBXFileReference; explicitFileType = wrapper.application; includeInIndex = 0; path = PlayerScoutBook.app; sourceTree = BUILT_PRODUCTS_DIR; };
		47AB59F6293B7C2F00807A25 /* AppDelegate.swift */ = {isa = PBXFileReference; lastKnownFileType = sourcecode.swift; path = AppDelegate.swift; sourceTree = "<group>"; };
		47AB59F8293B7C2F00807A25 /* SceneDelegate.swift */ = {isa = PBXFileReference; lastKnownFileType = sourcecode.swift; path = SceneDelegate.swift; sourceTree = "<group>"; };
		47AB59FA293B7C2F00807A25 /* ViewController.swift */ = {isa = PBXFileReference; lastKnownFileType = sourcecode.swift; path = ViewController.swift; sourceTree = "<group>"; };
		47AB59FD293B7C2F00807A25 /* Base */ = {isa = PBXFileReference; lastKnownFileType = file.storyboard; name = Base; path = Base.lproj/Main.storyboard; sourceTree = "<group>"; };
		47AB5A00293B7C2F00807A25 /* PlayerScoutBook.xcdatamodel */ = {isa = PBXFileReference; lastKnownFileType = wrapper.xcdatamodel; path = PlayerScoutBook.xcdatamodel; sourceTree = "<group>"; };
		47AB5A02293B7C3000807A25 /* Assets.xcassets */ = {isa = PBXFileReference; lastKnownFileType = folder.assetcatalog; path = Assets.xcassets; sourceTree = "<group>"; };
		47AB5A05293B7C3000807A25 /* Base */ = {isa = PBXFileReference; lastKnownFileType = file.storyboard; name = Base; path = Base.lproj/LaunchScreen.storyboard; sourceTree = "<group>"; };
		47AB5A07293B7C3000807A25 /* Info.plist */ = {isa = PBXFileReference; lastKnownFileType = text.plist.xml; path = Info.plist; sourceTree = "<group>"; };
/* End PBXFileReference section */

/* Begin PBXFrameworksBuildPhase section */
		47AB59F0293B7C2F00807A25 /* Frameworks */ = {
			isa = PBXFrameworksBuildPhase;
			buildActionMask = 2147483647;
			files = (
			);
			runOnlyForDeploymentPostprocessing = 0;
		};
/* End PBXFrameworksBuildPhase section */

/* Begin PBXGroup section */
		47AB59EA293B7C2F00807A25 = {
			isa = PBXGroup;
			children = (
				47AB59F5293B7C2F00807A25 /* PlayerScoutBook */,
				47AB59F4293B7C2F00807A25 /* Products */,
			);
			sourceTree = "<group>";
		};
		47AB59F4293B7C2F00807A25 /* Products */ = {
			isa = PBXGroup;
			children = (
				47AB59F3293B7C2F00807A25 /* PlayerScoutBook.app */,
			);
			name = Products;
			sourceTree = "<group>";
		};
		47AB59F5293B7C2F00807A25 /* PlayerScoutBook */ = {
			isa = PBXGroup;
			children = (
				47AB59F6293B7C2F00807A25 /* AppDelegate.swift */,
				47AB59F8293B7C2F00807A25 /* SceneDelegate.swift */,
				47AB59FA293B7C2F00807A25 /* ViewController.swift */,
				47AB59FC293B7C2F00807A25 /* Main.storyboard */,
				47AB5A02293B7C3000807A25 /* Assets.xcassets */,
				47AB5A04293B7C3000807A25 /* LaunchScreen.storyboard */,
				47AB5A07293B7C3000807A25 /* Info.plist */,
				47AB59FF293B7C2F00807A25 /* PlayerScoutBook.xcdatamodeld */,
			);
			path = PlayerScoutBook;
			sourceTree = "<group>";
		};
/* End PBXGroup section */

/* Begin PBXNativeTarget section */
		47AB59F2293B7C2F00807A25 /* PlayerScoutBook */ = {
			isa = PBXNativeTarget;
			buildConfigurationList = 47AB5A0A293B7C3000807A25 /* Build configuration list for PBXNativeTarget "PlayerScoutBook" */;
			buildPhases = (
				47AB59EF293B7C2F00807A25 /* Sources */,
				47AB59F0293B7C2F00807A25 /* Frameworks */,
				47AB59F1293B7C2F00807A25 /* Resources */,
			);
			buildRules = (
			);
			dependencies = (
			);
			name = PlayerScoutBook;
			productName = PlayerScoutBook;
			productReference = 47AB59F3293B7C2F00807A25 /* PlayerScoutBook.app */;
			productType = "com.apple.product-type.application";
		};
/* End PBXNativeTarget section */

/* Begin PBXProject section */
		47AB59EB293B7C2F00807A25 /* Project object */ = {
			isa = PBXProject;
			attributes = {
				BuildIndependentTargetsInParallel = 1;
				LastSwiftUpdateCheck = 1410;
				LastUpgradeCheck = 1410;
				TargetAttributes = {
					47AB59F2293B7C2F00807A25 = {
						CreatedOnToolsVersion = 14.1;
					};
				};
			};
			buildConfigurationList = 47AB59EE293B7C2F00807A25 /* Build configuration list for PBXProject "PlayerScoutBook" */;
			compatibilityVersion = "Xcode 14.0";
			developmentRegion = en;
			hasScannedForEncodings = 0;
			knownRegions = (
				en,
				Base,
			);
			mainGroup = 47AB59EA293B7C2F00807A25;
			productRefGroup = 47AB59F4293B7C2F00807A25 /* Products */;
			projectDirPath = "";
			projectRoot = "";
			targets = (
				47AB59F2293B7C2F00807A25 /* PlayerScoutBook */,
			);
		};
/* End PBXProject section */

/* Begin PBXResourcesBuildPhase section */
		47AB59F1293B7C2F00807A25 /* Resources */ = {
			isa = PBXResourcesBuildPhase;
			buildActionMask = 2147483647;
			files = (
				47AB5A06293B7C3000807A25 /* LaunchScreen.storyboard in Resources */,
				47AB5A03293B7C3000807A25 /* Assets.xcassets in Resources */,
				47AB59FE293B7C2F00807A25 /* Main.storyboard in Resources */,
			);
			runOnlyForDeploymentPostprocessing = 0;
		};
/* End PBXResourcesBuildPhase section */

/* Begin PBXSourcesBuildPhase section */
		47AB59EF293B7C2F00807A25 /* Sources */ = {
			isa = PBXSourcesBuildPhase;
			buildActionMask = 2147483647;
			files = (
				47AB59FB293B7C2F00807A25 /* ViewController.swift in Sources */,
				47AB59F7293B7C2F00807A25 /* AppDelegate.swift in Sources */,
				47AB5A01293B7C2F00807A25 /* PlayerScoutBook.xcdatamodeld in Sources */,
				47AB59F9293B7C2F00807A25 /* SceneDelegate.swift in Sources */,
			);
			runOnlyForDeploymentPostprocessing = 0;
		};
/* End PBXSourcesBuildPhase section */

/* Begin PBXVariantGroup section */
		47AB59FC293B7C2F00807A25 /* Main.storyboard */ = {
			isa = PBXVariantGroup;
			children = (
				47AB59FD293B7C2F00807A25 /* Base */,
			);
			name = Main.storyboard;
			sourceTree = "<group>";
		};
		47AB5A04293B7C3000807A25 /* LaunchScreen.storyboard */ = {
			isa = PBXVariantGroup;
			children = (
				47AB5A05293B7C3000807A25 /* Base */,
			);
			name = LaunchScreen.storyboard;
			sourceTree = "<group>";
		};
/* End PBXVariantGroup section */

/* Begin XCBuildConfiguration section */
		47AB5A08293B7C3000807A25 /* Debug */ = {
			isa = XCBuildConfiguration;
			buildSettings = {
				ALWAYS_SEARCH_USER_PATHS = NO;
				CLANG_ANALYZER_NONNULL = YES;
				CLANG_ANALYZER_NUMBER_OBJECT_CONVERSION = YES_AGGRESSIVE;
				CLANG_CXX_LANGUAGE_STANDARD = "gnu++20";
				CLANG_ENABLE_MODULES = YES;
				CLANG_ENABLE_OBJC_ARC = YES;
				CLANG_ENABLE_OBJC_WEAK = YES;
				CLANG_WARN_BLOCK_CAPTURE_AUTORELEASING = YES;
				CLANG_WARN_BOOL_CONVERSION = YES;
				CLANG_WARN_COMMA = YES;
				CLANG_WARN_CONSTANT_CONVERSION = YES;
				CLANG_WARN_DEPRECATED_OBJC_IMPLEMENTATIONS = YES;
				CLANG_WARN_DIRECT_OBJC_ISA_USAGE = YES_ERROR;
				CLANG_WARN_DOCUMENTATION_COMMENTS = YES;
				CLANG_WARN_EMPTY_BODY = YES;
				CLANG_WARN_ENUM_CONVERSION = YES;
				CLANG_WARN_INFINITE_RECURSION = YES;
				CLANG_WARN_INT_CONVERSION = YES;
				CLANG_WARN_NON_LITERAL_NULL_CONVERSION = YES;
				CLANG_WARN_OBJC_IMPLICIT_RETAIN_SELF = YES;
				CLANG_WARN_OBJC_LITERAL_CONVERSION = YES;
				CLANG_WARN_OBJC_ROOT_CLASS = YES_ERROR;
				CLANG_WARN_QUOTED_INCLUDE_IN_FRAMEWORK_HEADER = YES;
				CLANG_WARN_RANGE_LOOP_ANALYSIS = YES;
				CLANG_WARN_STRICT_PROTOTYPES = YES;
				CLANG_WARN_SUSPICIOUS_MOVE = YES;
				CLANG_WARN_UNGUARDED_AVAILABILITY = YES_AGGRESSIVE;
				CLANG_WARN_UNREACHABLE_CODE = YES;
				CLANG_WARN__DUPLICATE_METHOD_MATCH = YES;
				COPY_PHASE_STRIP = NO;
				DEBUG_INFORMATION_FORMAT = dwarf;
				ENABLE_STRICT_OBJC_MSGSEND = YES;
				ENABLE_TESTABILITY = YES;
				GCC_C_LANGUAGE_STANDARD = gnu11;
				GCC_DYNAMIC_NO_PIC = NO;
				GCC_NO_COMMON_BLOCKS = YES;
				GCC_OPTIMIZATION_LEVEL = 0;
				GCC_PREPROCESSOR_DEFINITIONS = (
					"DEBUG=1",
					"$(inherited)",
				);
				GCC_WARN_64_TO_32_BIT_CONVERSION = YES;
				GCC_WARN_ABOUT_RETURN_TYPE = YES_ERROR;
				GCC_WARN_UNDECLARED_SELECTOR = YES;
				GCC_WARN_UNINITIALIZED_AUTOS = YES_AGGRESSIVE;
				GCC_WARN_UNUSED_FUNCTION = YES;
				GCC_WARN_UNUSED_VARIABLE = YES;
				IPHONEOS_DEPLOYMENT_TARGET = 16.1;
				MTL_ENABLE_DEBUG_INFO = INCLUDE_SOURCE;
				MTL_FAST_MATH = YES;
				ONLY_ACTIVE_ARCH = YES;
				SDKROOT = iphoneos;
				SWIFT_ACTIVE_COMPILATION_CONDITIONS = DEBUG;
				SWIFT_OPTIMIZATION_LEVEL = "-Onone";
			};
			name = Debug;
		};
		47AB5A09293B7C3000807A25 /* Release */ = {
			isa = XCBuildConfiguration;
			buildSettings = {
				ALWAYS_SEARCH_USER_PATHS = NO;
				CLANG_ANALYZER_NONNULL = YES;
				CLANG_ANALYZER_NUMBER_OBJECT_CONVERSION = YES_AGGRESSIVE;
				CLANG_CXX_LANGUAGE_STANDARD = "gnu++20";
				CLANG_ENABLE_MODULES = YES;
				CLANG_ENABLE_OBJC_ARC = YES;
				CLANG_ENABLE_OBJC_WEAK = YES;
				CLANG_WARN_BLOCK_CAPTURE_AUTORELEASING = YES;
				CLANG_WARN_BOOL_CONVERSION = YES;
				CLANG_WARN_COMMA = YES;
				CLANG_WARN_CONSTANT_CONVERSION = YES;
				CLANG_WARN_DEPRECATED_OBJC_IMPLEMENTATIONS = YES;
				CLANG_WARN_DIRECT_OBJC_ISA_USAGE = YES_ERROR;
				CLANG_WARN_DOCUMENTATION_COMMENTS = YES;
				CLANG_WARN_EMPTY_BODY = YES;
				CLANG_WARN_ENUM_CONVERSION = YES;
				CLANG_WARN_INFINITE_RECURSION = YES;
				CLANG_WARN_INT_CONVERSION = YES;
				CLANG_WARN_NON_LITERAL_NULL_CONVERSION = YES;
				CLANG_WARN_OBJC_IMPLICIT_RETAIN_SELF = YES;
				CLANG_WARN_OBJC_LITERAL_CONVERSION = YES;
				CLANG_WARN_OBJC_ROOT_CLASS = YES_ERROR;
				CLANG_WARN_QUOTED_INCLUDE_IN_FRAMEWORK_HEADER = YES;
				CLANG_WARN_RANGE_LOOP_ANALYSIS = YES;
				CLANG_WARN_STRICT_PROTOTYPES = YES;
				CLANG_WARN_SUSPICIOUS_MOVE = YES;
				CLANG_WARN_UNGUARDED_AVAILABILITY = YES_AGGRESSIVE;
				CLANG_WARN_UNREACHABLE_CODE = YES;
				CLANG_WARN__DUPLICATE_METHOD_MATCH = YES;
				COPY_PHASE_STRIP = NO;
				DEBUG_INFORMATION_FORMAT = "dwarf-with-dsym";
				ENABLE_NS_ASSERTIONS = NO;
				ENABLE_STRICT_OBJC_MSGSEND = YES;
				GCC_C_LANGUAGE_STANDARD = gnu11;
				GCC_NO_COMMON_BLOCKS = YES;
				GCC_WARN_64_TO_32_BIT_CONVERSION = YES;
				GCC_WARN_ABOUT_RETURN_TYPE = YES_ERROR;
				GCC_WARN_UNDECLARED_SELECTOR = YES;
				GCC_WARN_UNINITIALIZED_AUTOS = YES_AGGRESSIVE;
				GCC_WARN_UNUSED_FUNCTION = YES;
				GCC_WARN_UNUSED_VARIABLE = YES;
				IPHONEOS_DEPLOYMENT_TARGET = 16.1;
				MTL_ENABLE_DEBUG_INFO = NO;
				MTL_FAST_MATH = YES;
				SDKROOT = iphoneos;
				SWIFT_COMPILATION_MODE = wholemodule;
				SWIFT_OPTIMIZATION_LEVEL = "-O";
				VALIDATE_PRODUCT = YES;
			};
			name = Release;
		};
		47AB5A0B293B7C3000807A25 /* Debug */ = {
			isa = XCBuildConfiguration;
			buildSettings = {
				ASSETCATALOG_COMPILER_APPICON_NAME = AppIcon;
				ASSETCATALOG_COMPILER_GLOBAL_ACCENT_COLOR_NAME = AccentColor;
				CODE_SIGN_STYLE = Automatic;
				CURRENT_PROJECT_VERSION = 1;
				DEVELOPMENT_TEAM = K6P7BL97DC;
				GENERATE_INFOPLIST_FILE = YES;
				INFOPLIST_FILE = PlayerScoutBook/Info.plist;
				INFOPLIST_KEY_UIApplicationSupportsIndirectInputEvents = YES;
				INFOPLIST_KEY_UILaunchStoryboardName = LaunchScreen;
				INFOPLIST_KEY_UIMainStoryboardFile = Main;
				INFOPLIST_KEY_UISupportedInterfaceOrientations_iPad = "UIInterfaceOrientationPortrait UIInterfaceOrientationPortraitUpsideDown UIInterfaceOrientationLandscapeLeft UIInterfaceOrientationLandscapeRight";
				INFOPLIST_KEY_UISupportedInterfaceOrientations_iPhone = "UIInterfaceOrientationPortrait UIInterfaceOrientationLandscapeLeft UIInterfaceOrientationLandscapeRight";
				LD_RUNPATH_SEARCH_PATHS = (
					"$(inherited)",
					"@executable_path/Frameworks",
				);
				MARKETING_VERSION = 1.0;
				PRODUCT_BUNDLE_IDENTIFIER = com.namju.PlayerScoutBook;
				PRODUCT_NAME = "$(TARGET_NAME)";
				SWIFT_EMIT_LOC_STRINGS = YES;
				SWIFT_VERSION = 5.0;
				TARGETED_DEVICE_FAMILY = "1,2";
			};
			name = Debug;
		};
		47AB5A0C293B7C3000807A25 /* Release */ = {
			isa = XCBuildConfiguration;
			buildSettings = {
				ASSETCATALOG_COMPILER_APPICON_NAME = AppIcon;
				ASSETCATALOG_COMPILER_GLOBAL_ACCENT_COLOR_NAME = AccentColor;
				CODE_SIGN_STYLE = Automatic;
				CURRENT_PROJECT_VERSION = 1;
				DEVELOPMENT_TEAM = K6P7BL97DC;
				GENERATE_INFOPLIST_FILE = YES;
				INFOPLIST_FILE = PlayerScoutBook/Info.plist;
				INFOPLIST_KEY_UIApplicationSupportsIndirectInputEvents = YES;
				INFOPLIST_KEY_UILaunchStoryboardName = LaunchScreen;
				INFOPLIST_KEY_UIMainStoryboardFile = Main;
				INFOPLIST_KEY_UISupportedInterfaceOrientations_iPad = "UIInterfaceOrientationPortrait UIInterfaceOrientationPortraitUpsideDown UIInterfaceOrientationLandscapeLeft UIInterfaceOrientationLandscapeRight";
				INFOPLIST_KEY_UISupportedInterfaceOrientations_iPhone = "UIInterfaceOrientationPortrait UIInterfaceOrientationLandscapeLeft UIInterfaceOrientationLandscapeRight";
				LD_RUNPATH_SEARCH_PATHS = (
					"$(inherited)",
					"@executable_path/Frameworks",
				);
				MARKETING_VERSION = 1.0;
				PRODUCT_BUNDLE_IDENTIFIER = com.namju.PlayerScoutBook;
				PRODUCT_NAME = "$(TARGET_NAME)";
				SWIFT_EMIT_LOC_STRINGS = YES;
				SWIFT_VERSION = 5.0;
				TARGETED_DEVICE_FAMILY = "1,2";
			};
			name = Release;
		};
/* End XCBuildConfiguration section */

/* Begin XCConfigurationList section */
		47AB59EE293B7C2F00807A25 /* Build configuration list for PBXProject "PlayerScoutBook" */ = {
			isa = XCConfigurationList;
			buildConfigurations = (
				47AB5A08293B7C3000807A25 /* Debug */,
				47AB5A09293B7C3000807A25 /* Release */,
			);
			defaultConfigurationIsVisible = 0;
			defaultConfigurationName = Release;
		};
		47AB5A0A293B7C3000807A25 /* Build configuration list for PBXNativeTarget "PlayerScoutBook" */ = {
			isa = XCConfigurationList;
			buildConfigurations = (
				47AB5A0B293B7C3000807A25 /* Debug */,
				47AB5A0C293B7C3000807A25 /* Release */,
			);
			defaultConfigurationIsVisible = 0;
			defaultConfigurationName = Release;
		};
/* End XCConfigurationList section */

/* Begin XCVersionGroup section */
		47AB59FF293B7C2F00807A25 /* PlayerScoutBook.xcdatamodeld */ = {
			isa = XCVersionGroup;
			children = (
				47AB5A00293B7C2F00807A25 /* PlayerScoutBook.xcdatamodel */,
			);
			currentVersion = 47AB5A00293B7C2F00807A25 /* PlayerScoutBook.xcdatamodel */;
			path = PlayerScoutBook.xcdatamodeld;
			sourceTree = "<group>";
			versionGroupType = wrapper.xcdatamodel;
		};
/* End XCVersionGroup section */
	};
	rootObject = 47AB59EB293B7C2F00807A25 /* Project object */;
}
